
Microsoft Visual Studio Solution File, Format Version 12.00
# Visual Studio 15
VisualStudioVersion = 15.0.28307.902
MinimumVisualStudioVersion = 10.0.40219.1
Project("{8BC9CEB8-8B4A-11D0-8D11-00A0C91BC942}") = "MFC_HW0_NEW", "MFC_HW0_NEW\MFC_HW0_NEW.vcxproj", "{7FACD43C-F86F-45C1-9D93-8C10A4AA870D}"
EndProject
Global
	GlobalSection(SolutionConfigurationPlatforms) = preSolution
		Debug|x64 = Debug|x64
		Debug|x86 = Debug|x86
		Release|x64 = Release|x64
		Release|x86 = Release|x86
	EndGlobalSection
	GlobalSection(ProjectConfigurationPlatforms) = postSolution
		{7FACD43C-F86F-45C1-9D93-8C10A4AA870D}.Debug|x64.ActiveCfg = Debug|x64
		{7FACD43C-F86F-45C1-9D93-8C10A4AA870D}.Debug|x64.Build.0 = Debug|x64
		{7FACD43C-F86F-45C1-9D93-8C10A4AA870D}.Debug|x86.ActiveCfg = Debug|Win32
		{7FACD43C-F86F-45C1-9D93-8C10A4AA870D}.Debug|x86.Build.0 = Debug|Win32
		{7FACD43C-F86F-45C1-9D93-8C10A4AA870D}.Release|x64.ActiveCfg = Release|x64
		{7FACD43C-F86F-45C1-9D93-8C10A4AA870D}.Release|x64.Build.0 = Release|x64
		{7FACD43C-F86F-45C1-9D93-8C10A4AA870D}.Release|x86.ActiveCfg = Release|Win32
		{7FACD43C-F86F-45C1-9D93-8C10A4AA870D}.Release|x86.Build.0 = Release|Win32
	EndGlobalSection
	GlobalSection(SolutionProperties) = preSolution
		HideSolutionNode = FALSE
	EndGlobalSection
	GlobalSection(ExtensibilityGlobals) = postSolution
		SolutionGuid = {6E2CA90D-9D94-40E8-AC12-AB9777BE7D4D}
	EndGlobalSection
EndGlobal
